// !$*UTF8*$!
{
	archiveVersion = 1;
	classes = {
	};
	objectVersion = 48;
	objects = {

/* Begin PBXBuildFile section */
		182CAF3C1F7366D100C7A239 /* AppDelegate.m in Sources */ = {isa = PBXBuildFile; fileRef = 182CAF3B1F7366D100C7A239 /* AppDelegate.m */; };
		182CAF3F1F7366D100C7A239 /* ViewController.m in Sources */ = {isa = PBXBuildFile; fileRef = 182CAF3E1F7366D100C7A239 /* ViewController.m */; };
		182CAF421F7366D100C7A239 /* Main.storyboard in Resources */ = {isa = PBXBuildFile; fileRef = 182CAF401F7366D100C7A239 /* Main.storyboard */; };
		182CAF441F7366D100C7A239 /* Assets.xcassets in Resources */ = {isa = PBXBuildFile; fileRef = 182CAF431F7366D100C7A239 /* Assets.xcassets */; };
		182CAF471F7366D100C7A239 /* LaunchScreen.storyboard in Resources */ = {isa = PBXBuildFile; fileRef = 182CAF451F7366D100C7A239 /* LaunchScreen.storyboard */; };
		182CAF4A1F7366D100C7A239 /* main.m in Sources */ = {isa = PBXBuildFile; fileRef = 182CAF491F7366D100C7A239 /* main.m */; };
/* End PBXBuildFile section */

/* Begin PBXFileReference section */
		182CAF371F7366D100C7A239 /* MyGithubDemo.app */ = {isa = PBXFileReference; explicitFileType = wrapper.application; includeInIndex = 0; path = MyGithubDemo.app; sourceTree = BUILT_PRODUCTS_DIR; };
		182CAF3A1F7366D100C7A239 /* AppDelegate.h */ = {isa = PBXFileReference; lastKnownFileType = sourcecode.c.h; path = AppDelegate.h; sourceTree = "<group>"; };
		182CAF3B1F7366D100C7A239 /* AppDelegate.m */ = {isa = PBXFileReference; lastKnownFileType = sourcecode.c.objc; path = AppDelegate.m; sourceTree = "<group>"; };
		182CAF3D1F7366D100C7A239 /* ViewController.h */ = {isa = PBXFileReference; lastKnownFileType = sourcecode.c.h; path = ViewController.h; sourceTree = "<group>"; };
		182CAF3E1F7366D100C7A239 /* ViewController.m */ = {isa = PBXFileReference; lastKnownFileType = sourcecode.c.objc; path = ViewController.m; sourceTree = "<group>"; };
		182CAF411F7366D100C7A239 /* Base */ = {isa = PBXFileReference; lastKnownFileType = file.storyboard; name = Base; path = Base.lproj/Main.storyboard; sourceTree = "<group>"; };
		182CAF431F7366D100C7A239 /* Assets.xcassets */ = {isa = PBXFileReference; lastKnownFileType = folder.assetcatalog; path = Assets.xcassets; sourceTree = "<group>"; };
		182CAF461F7366D100C7A239 /* Base */ = {isa = PBXFileReference; lastKnownFileType = file.storyboard; name = Base; path = Base.lproj/LaunchScreen.storyboard; sourceTree = "<group>"; };
		182CAF481F7366D100C7A239 /* Info.plist */ = {isa = PBXFileReference; lastKnownFileType = text.plist.xml; path = Info.plist; sourceTree = "<group>"; };
		182CAF491F7366D100C7A239 /* main.m */ = {isa = PBXFileReference; lastKnownFileType = sourcecode.c.objc; path = main.m; sourceTree = "<group>"; };
/* End PBXFileReference section */

/* Begin PBXFrameworksBuildPhase section */
		182CAF341F7366D100C7A239 /* Frameworks */ = {
			isa = PBXFrameworksBuildPhase;
			buildActionMask = 2147483647;
			files = (
			);
			runOnlyForDeploymentPostprocessing = 0;
		};
/* End PBXFrameworksBuildPhase section */

/* Begin PBXGroup section */
		182CAF2E1F7366D100C7A239 = {
			isa = PBXGroup;
			children = (
				182CAF391F7366D100C7A239 /* MyGithubDemo */,
				182CAF381F7366D100C7A239 /* Products */,
			);
			sourceTree = "<group>";
		};
		182CAF381F7366D100C7A239 /* Products */ = {
			isa = PBXGroup;
			children = (
				182CAF371F7366D100C7A239 /* MyGithubDemo.app */,
			);
			name = Products;
			sourceTree = "<group>";
		};
		182CAF391F7366D100C7A239 /* MyGithubDemo */ = {
			isa = PBXGroup;
			children = (
				182CAF3A1F7366D100C7A239 /* AppDelegate.h */,
				182CAF3B1F7366D100C7A239 /* AppDelegate.m */,
				182CAF3D1F7366D100C7A239 /* ViewController.h */,
				182CAF3E1F7366D100C7A239 /* ViewController.m */,
				182CAF401F7366D100C7A239 /* Main.storyboard */,
				182CAF431F7366D100C7A239 /* Assets.xcassets */,
				182CAF451F7366D100C7A239 /* LaunchScreen.storyboard */,
				182CAF481F7366D100C7A239 /* Info.plist */,
				182CAF491F7366D100C7A239 /* main.m */,
			);
			path = MyGithubDemo;
			sourceTree = "<group>";
		};
/* End PBXGroup section */

/* Begin PBXNativeTarget section */
		182CAF361F7366D100C7A239 /* MyGithubDemo */ = {
			isa = PBXNativeTarget;
			buildConfigurationList = 182CAF4D1F7366D100C7A239 /* Build configuration list for PBXNativeTarget "MyGithubDemo" */;
			buildPhases = (
				182CAF331F7366D100C7A239 /* Sources */,
				182CAF341F7366D100C7A239 /* Frameworks */,
				182CAF351F7366D100C7A239 /* Resources */,
			);
			buildRules = (
			);
			dependencies = (
			);
			name = MyGithubDemo;
			productName = MyGithubDemo;
			productReference = 182CAF371F7366D100C7A239 /* MyGithubDemo.app */;
			productType = "com.apple.product-type.application";
		};
/* End PBXNativeTarget section */

/* Begin PBXProject section */
		182CAF2F1F7366D100C7A239 /* Project object */ = {
			isa = PBXProject;
			attributes = {
				LastUpgradeCheck = 0900;
				ORGANIZATIONNAME = apple;
				TargetAttributes = {
					182CAF361F7366D100C7A239 = {
						CreatedOnToolsVersion = 9.0;
						ProvisioningStyle = Automatic;
					};
				};
			};
			buildConfigurationList = 182CAF321F7366D100C7A239 /* Build configuration list for PBXProject "MyGithubDemo" */;
			compatibilityVersion = "Xcode 8.0";
			developmentRegion = en;
			hasScannedForEncodings = 0;
			knownRegions = (
				en,
				Base,
			);
			mainGroup = 182CAF2E1F7366D100C7A239;
			productRefGroup = 182CAF381F7366D100C7A239 /* Products */;
			projectDirPath = "";
			projectRoot = "";
			targets = (
				182CAF361F7366D100C7A239 /* MyGithubDemo */,
			);
		};
/* End PBXProject section */

/* Begin PBXResourcesBuildPhase section */
		182CAF351F7366D100C7A239 /* Resources */ = {
			isa = PBXResourcesBuildPhase;
			buildActionMask = 2147483647;
			files = (
				182CAF471F7366D100C7A239 /* LaunchScreen.storyboard in Resources */,
				182CAF441F7366D100C7A239 /* Assets.xcassets in Resources */,
				182CAF421F7366D100C7A239 /* Main.storyboard in Resources */,
			);
			runOnlyForDeploymentPostprocessing = 0;
		};
/* End PBXResourcesBuildPhase section */

/* Begin PBXSourcesBuildPhase section */
		182CAF331F7366D100C7A239 /* Sources */ = {
			isa = PBXSourcesBuildPhase;
			buildActionMask = 2147483647;
			files = (
				182CAF3F1F7366D100C7A239 /* ViewController.m in Sources */,
				182CAF4A1F7366D100C7A239 /* main.m in Sources */,
				182CAF3C1F7366D100C7A239 /* AppDelegate.m in Sources */,
			);
			runOnlyForDeploymentPostprocessing = 0;
		};
/* End PBXSourcesBuildPhase section */

/* Begin PBXVariantGroup section */
		182CAF401F7366D100C7A239 /* Main.storyboard */ = {
			isa = PBXVariantGroup;
			children = (
				182CAF411F7366D100C7A239 /* Base */,
			);
			name = Main.storyboard;
			sourceTree = "<group>";
		};
		182CAF451F7366D100C7A239 /* LaunchScreen.storyboard */ = {
			isa = PBXVariantGroup;
			children = (
				182CAF461F7366D100C7A239 /* Base */,
			);
			name = LaunchScreen.storyboard;
			sourceTree = "<group>";
		};
/* End PBXVariantGroup section */

/* Begin XCBuildConfiguration section */
		182CAF4B1F7366D100C7A239 /* Debug */ = {
			isa = XCBuildConfiguration;
			buildSettings = {
				ALWAYS_SEARCH_USER_PATHS = NO;
				CLANG_ANALYZER_NONNULL = YES;
				CLANG_ANALYZER_NUMBER_OBJECT_CONVERSION = YES_AGGRESSIVE;
				CLANG_CXX_LANGUAGE_STANDARD = "gnu++14";
				CLANG_CXX_LIBRARY = "libc++";
				CLANG_ENABLE_MODULES = YES;
				CLANG_ENABLE_OBJC_ARC = YES;
				CLANG_WARN_BLOCK_CAPTURE_AUTORELEASING = YES;
				CLANG_WARN_BOOL_CONVERSION = YES;
				CLANG_WARN_COMMA = YES;
				CLANG_WARN_CONSTANT_CONVERSION = YES;
				CLANG_WARN_DIRECT_OBJC_ISA_USAGE = YES_ERROR;
				CLANG_WARN_DOCUMENTATION_COMMENTS = YES;
				CLANG_WARN_EMPTY_BODY = YES;
				CLANG_WARN_ENUM_CONVERSION = YES;
				CLANG_WARN_INFINITE_RECURSION = YES;
				CLANG_WARN_INT_CONVERSION = YES;
				CLANG_WARN_NON_LITERAL_NULL_CONVERSION = YES;
				CLANG_WARN_OBJC_LITERAL_CONVERSION = YES;
				CLANG_WARN_OBJC_ROOT_CLASS = YES_ERROR;
				CLANG_WARN_RANGE_LOOP_ANALYSIS = YES;
				CLANG_WARN_STRICT_PROTOTYPES = YES;
				CLANG_WARN_SUSPICIOUS_MOVE = YES;
				CLANG_WARN_UNGUARDED_AVAILABILITY = YES_AGGRESSIVE;
				CLANG_WARN_UNREACHABLE_CODE = YES;
				CLANG_WARN__DUPLICATE_METHOD_MATCH = YES;
				CODE_SIGN_IDENTITY = "iPhone Developer";
				COPY_PHASE_STRIP = NO;
				DEBUG_INFORMATION_FORMAT = dwarf;
				ENABLE_STRICT_OBJC_MSGSEND = YES;
				ENABLE_TESTABILITY = YES;
				GCC_C_LANGUAGE_STANDARD = gnu11;
				GCC_DYNAMIC_NO_PIC = NO;
				GCC_NO_COMMON_BLOCKS = YES;
				GCC_OPTIMIZATION_LEVEL = 0;
				GCC_PREPROCESSOR_DEFINITIONS = (
					"DEBUG=1",
					"$(inherited)",
				);
				GCC_WARN_64_TO_32_BIT_CONVERSION = YES;
				GCC_WARN_ABOUT_RETURN_TYPE = YES_ERROR;
				GCC_WARN_UNDECLARED_SELECTOR = YES;
				GCC_WARN_UNINITIALIZED_AUTOS = YES_AGGRESSIVE;
				GCC_WARN_UNUSED_FUNCTION = YES;
				GCC_WARN_UNUSED_VARIABLE = YES;
				IPHONEOS_DEPLOYMENT_TARGET = 11.0;
				MTL_ENABLE_DEBUG_INFO = YES;
				ONLY_ACTIVE_ARCH = YES;
				SDKROOT = iphoneos;
			};
			name = Debug;
		};
		182CAF4C1F7366D100C7A239 /* Release */ = {
			isa = XCBuildConfiguration;
			buildSettings = {
				ALWAYS_SEARCH_USER_PATHS = NO;
				CLANG_ANALYZER_NONNULL = YES;
				CLANG_ANALYZER_NUMBER_OBJECT_CONVERSION = YES_AGGRESSIVE;
				CLANG_CXX_LANGUAGE_STANDARD = "gnu++14";
				CLANG_CXX_LIBRARY = "libc++";
				CLANG_ENABLE_MODULES = YES;
				CLANG_ENABLE_OBJC_ARC = YES;
				CLANG_WARN_BLOCK_CAPTURE_AUTORELEASING = YES;
				CLANG_WARN_BOOL_CONVERSION = YES;
				CLANG_WARN_COMMA = YES;
				CLANG_WARN_CONSTANT_CONVERSION = YES;
				CLANG_WARN_DIRECT_OBJC_ISA_USAGE = YES_ERROR;
				CLANG_WARN_DOCUMENTATION_COMMENTS = YES;
				CLANG_WARN_EMPTY_BODY = YES;
				CLANG_WARN_ENUM_CONVERSION = YES;
				CLANG_WARN_INFINITE_RECURSION = YES;
				CLANG_WARN_INT_CONVERSION = YES;
				CLANG_WARN_NON_LITERAL_NULL_CONVERSION = YES;
				CLANG_WARN_OBJC_LITERAL_CONVERSION = YES;
				CLANG_WARN_OBJC_ROOT_CLASS = YES_ERROR;
				CLANG_WARN_RANGE_LOOP_ANALYSIS = YES;
				CLANG_WARN_STRICT_PROTOTYPES = YES;
				CLANG_WARN_SUSPICIOUS_MOVE = YES;
				CLANG_WARN_UNGUARDED_AVAILABILITY = YES_AGGRESSIVE;
				CLANG_WARN_UNREACHABLE_CODE = YES;
				CLANG_WARN__DUPLICATE_METHOD_MATCH = YES;
				CODE_SIGN_IDENTITY = "iPhone Developer";
				COPY_PHASE_STRIP = NO;
				DEBUG_INFORMATION_FORMAT = "dwarf-with-dsym";
				ENABLE_NS_ASSERTIONS = NO;
				ENABLE_STRICT_OBJC_MSGSEND = YES;
				GCC_C_LANGUAGE_STANDARD = gnu11;
				GCC_NO_COMMON_BLOCKS = YES;
				GCC_WARN_64_TO_32_BIT_CONVERSION = YES;
				GCC_WARN_ABOUT_RETURN_TYPE = YES_ERROR;
				GCC_WARN_UNDECLARED_SELECTOR = YES;
				GCC_WARN_UNINITIALIZED_AUTOS = YES_AGGRESSIVE;
				GCC_WARN_UNUSED_FUNCTION = YES;
				GCC_WARN_UNUSED_VARIABLE = YES;
				IPHONEOS_DEPLOYMENT_TARGET = 11.0;
				MTL_ENABLE_DEBUG_INFO = NO;
				SDKROOT = iphoneos;
				VALIDATE_PRODUCT = YES;
			};
			name = Release;
		};
		182CAF4E1F7366D100C7A239 /* Debug */ = {
			isa = XCBuildConfiguration;
			buildSettings = {
				ASSETCATALOG_COMPILER_APPICON_NAME = AppIcon;
				CODE_SIGN_STYLE = Automatic;
				INFOPLIST_FILE = MyGithubDemo/Info.plist;
				LD_RUNPATH_SEARCH_PATHS = "$(inherited) @executable_path/Frameworks";
				PRODUCT_BUNDLE_IDENTIFIER = youguanzi.com.MyGithubDemo;
				PRODUCT_NAME = "$(TARGET_NAME)";
				TARGETED_DEVICE_FAMILY = "1,2";
			};
			name = Debug;
		};
		182CAF4F1F7366D100C7A239 /* Release */ = {
			isa = XCBuildConfiguration;
			buildSettings = {
				ASSETCATALOG_COMPILER_APPICON_NAME = AppIcon;
				CODE_SIGN_STYLE = Automatic;
				INFOPLIST_FILE = MyGithubDemo/Info.plist;
				LD_RUNPATH_SEARCH_PATHS = "$(inherited) @executable_path/Frameworks";
				PRODUCT_BUNDLE_IDENTIFIER = youguanzi.com.MyGithubDemo;
				PRODUCT_NAME = "$(TARGET_NAME)";
				TARGETED_DEVICE_FAMILY = "1,2";
			};
			name = Release;
		};
/* End XCBuildConfiguration section */

/* Begin XCConfigurationList section */
		182CAF321F7366D100C7A239 /* Build configuration list for PBXProject "MyGithubDemo" */ = {
			isa = XCConfigurationList;
			buildConfigurations = (
				182CAF4B1F7366D100C7A239 /* Debug */,
				182CAF4C1F7366D100C7A239 /* Release */,
			);
			defaultConfigurationIsVisible = 0;
			defaultConfigurationName = Release;
		};
		182CAF4D1F7366D100C7A239 /* Build configuration list for PBXNativeTarget "MyGithubDemo" */ = {
			isa = XCConfigurationList;
			buildConfigurations = (
				182CAF4E1F7366D100C7A239 /* Debug */,
				182CAF4F1F7366D100C7A239 /* Release */,
			);
			defaultConfigurationIsVisible = 0;
			defaultConfigurationName = Release;
		};
/* End XCConfigurationList section */
	};
	rootObject = 182CAF2F1F7366D100C7A239 /* Project object */;
}
